
Microsoft Visual Studio Solution File, Format Version 12.00
# Visual Studio Version 16
VisualStudioVersion = 16.0.29009.5
MinimumVisualStudioVersion = 10.0.40219.1
Project("{9A19103F-16F7-4668-BE54-9A1E7A4F7556}") = "Avalonia.GameStudio.Shell", "Avalonia.GameStudio.Shell\Avalonia.GameStudio.Shell.csproj", "{819B365E-F194-4938-BE12-C6B59A37951A}"
EndProject
Project("{9A19103F-16F7-4668-BE54-9A1E7A4F7556}") = "Avalonia.GameStudio.Core", "Avalonia.GameStudio.Core\Avalonia.GameStudio.Core.csproj", "{8F84F869-3CB6-458D-AA85-7472D3E1BFD9}"
EndProject
Project("{9A19103F-16F7-4668-BE54-9A1E7A4F7556}") = "Avalonia.GameStudio.Presentation", "Avalonia.GameStudio.Presentation\Avalonia.GameStudio.Presentation.csproj", "{53EA73E4-E342-48B6-A959-64F94E000730}"
EndProject
Global
	GlobalSection(SolutionConfigurationPlatforms) = preSolution
		Debug|Any CPU = Debug|Any CPU
		Release|Any CPU = Release|Any CPU
	EndGlobalSection
	GlobalSection(ProjectConfigurationPlatforms) = postSolution
		{819B365E-F194-4938-BE12-C6B59A37951A}.Debug|Any CPU.ActiveCfg = Debug|Any CPU
		{819B365E-F194-4938-BE12-C6B59A37951A}.Debug|Any CPU.Build.0 = Debug|Any CPU
		{819B365E-F194-4938-BE12-C6B59A37951A}.Release|Any CPU.ActiveCfg = Release|Any CPU
		{819B365E-F194-4938-BE12-C6B59A37951A}.Release|Any CPU.Build.0 = Release|Any CPU
		{8F84F869-3CB6-458D-AA85-7472D3E1BFD9}.Debug|Any CPU.ActiveCfg = Debug|Any CPU
		{8F84F869-3CB6-458D-AA85-7472D3E1BFD9}.Debug|Any CPU.Build.0 = Debug|Any CPU
		{8F84F869-3CB6-458D-AA85-7472D3E1BFD9}.Release|Any CPU.ActiveCfg = Release|Any CPU
		{8F84F869-3CB6-458D-AA85-7472D3E1BFD9}.Release|Any CPU.Build.0 = Release|Any CPU
		{53EA73E4-E342-48B6-A959-64F94E000730}.Debug|Any CPU.ActiveCfg = Debug|Any CPU
		{53EA73E4-E342-48B6-A959-64F94E000730}.Debug|Any CPU.Build.0 = Debug|Any CPU
		{53EA73E4-E342-48B6-A959-64F94E000730}.Release|Any CPU.ActiveCfg = Release|Any CPU
		{53EA73E4-E342-48B6-A959-64F94E000730}.Release|Any CPU.Build.0 = Release|Any CPU
	EndGlobalSection
	GlobalSection(SolutionProperties) = preSolution
		HideSolutionNode = FALSE
	EndGlobalSection
	GlobalSection(ExtensibilityGlobals) = postSolution
		SolutionGuid = {29EF1F75-957F-411F-B6B4-F21D15621C21}
	EndGlobalSection
EndGlobal
